
Microsoft Visual Studio Solution File, Format Version 12.00
# Visual Studio Version 16
VisualStudioVersion = 16.0.29509.3
MinimumVisualStudioVersion = 10.0.40219.1
Project("{8BC9CEB8-8B4A-11D0-8D11-00A0C91BC942}") = "Core", "..\SpehsEngine\SpehsEngine\Core\Core.vcxproj", "{CBB134B8-C9FE-4129-A6DD-58B94CBE1096}"
EndProject
Project("{8BC9CEB8-8B4A-11D0-8D11-00A0C91BC942}") = "Audio", "..\SpehsEngine\SpehsEngine\Audio\Audio.vcxproj", "{F721E433-F0D2-4F4C-BEA0-1AA2B2824CBD}"
	ProjectSection(ProjectDependencies) = postProject
		{CBB134B8-C9FE-4129-A6DD-58B94CBE1096} = {CBB134B8-C9FE-4129-A6DD-58B94CBE1096}
	EndProjectSection
EndProject
Project("{8BC9CEB8-8B4A-11D0-8D11-00A0C91BC942}") = "GUI", "..\SpehsEngine\SpehsEngine\GUI\GUI.vcxproj", "{5F7EC1B1-79D0-410B-AAA5-67AE29DD3843}"
	ProjectSection(ProjectDependencies) = postProject
		{9594522F-6B2A-4DCC-B1D4-70A90550C490} = {9594522F-6B2A-4DCC-B1D4-70A90550C490}
		{F721E433-F0D2-4F4C-BEA0-1AA2B2824CBD} = {F721E433-F0D2-4F4C-BEA0-1AA2B2824CBD}
		{14BC9A36-0173-4D60-B341-B92B6E3CA892} = {14BC9A36-0173-4D60-B341-B92B6E3CA892}
		{CBB134B8-C9FE-4129-A6DD-58B94CBE1096} = {CBB134B8-C9FE-4129-A6DD-58B94CBE1096}
		{CE4F0DDF-B21D-4E85-961E-5DE4F41FFEB8} = {CE4F0DDF-B21D-4E85-961E-5DE4F41FFEB8}
	EndProjectSection
EndProject
Project("{8BC9CEB8-8B4A-11D0-8D11-00A0C91BC942}") = "Input", "..\SpehsEngine\SpehsEngine\Input\Input.vcxproj", "{CE4F0DDF-B21D-4E85-961E-5DE4F41FFEB8}"
	ProjectSection(ProjectDependencies) = postProject
		{14BC9A36-0173-4D60-B341-B92B6E3CA892} = {14BC9A36-0173-4D60-B341-B92B6E3CA892}
		{CBB134B8-C9FE-4129-A6DD-58B94CBE1096} = {CBB134B8-C9FE-4129-A6DD-58B94CBE1096}
	EndProjectSection
EndProject
Project("{8BC9CEB8-8B4A-11D0-8D11-00A0C91BC942}") = "Math", "..\SpehsEngine\SpehsEngine\Math\Math.vcxproj", "{9594522F-6B2A-4DCC-B1D4-70A90550C490}"
	ProjectSection(ProjectDependencies) = postProject
		{CBB134B8-C9FE-4129-A6DD-58B94CBE1096} = {CBB134B8-C9FE-4129-A6DD-58B94CBE1096}
	EndProjectSection
EndProject
Project("{8BC9CEB8-8B4A-11D0-8D11-00A0C91BC942}") = "Net", "..\SpehsEngine\SpehsEngine\Net\Net.vcxproj", "{CDAEF09B-DC58-42C8-81B8-83C3E5D8145E}"
	ProjectSection(ProjectDependencies) = postProject
		{9594522F-6B2A-4DCC-B1D4-70A90550C490} = {9594522F-6B2A-4DCC-B1D4-70A90550C490}
		{CBB134B8-C9FE-4129-A6DD-58B94CBE1096} = {CBB134B8-C9FE-4129-A6DD-58B94CBE1096}
	EndProjectSection
EndProject
Project("{8BC9CEB8-8B4A-11D0-8D11-00A0C91BC942}") = "Physics", "..\SpehsEngine\SpehsEngine\Physics\Physics.vcxproj", "{ED3A1BB2-BBE1-4BAF-8606-DBE012375818}"
	ProjectSection(ProjectDependencies) = postProject
		{9594522F-6B2A-4DCC-B1D4-70A90550C490} = {9594522F-6B2A-4DCC-B1D4-70A90550C490}
		{CBB134B8-C9FE-4129-A6DD-58B94CBE1096} = {CBB134B8-C9FE-4129-A6DD-58B94CBE1096}
	EndProjectSection
EndProject
Project("{8BC9CEB8-8B4A-11D0-8D11-00A0C91BC942}") = "Rendering", "..\SpehsEngine\SpehsEngine\Rendering\Rendering.vcxproj", "{14BC9A36-0173-4D60-B341-B92B6E3CA892}"
	ProjectSection(ProjectDependencies) = postProject
		{CBB134B8-C9FE-4129-A6DD-58B94CBE1096} = {CBB134B8-C9FE-4129-A6DD-58B94CBE1096}
	EndProjectSection
EndProject
Project("{8BC9CEB8-8B4A-11D0-8D11-00A0C91BC942}") = "NetClient", "NetClient\NetClient.vcxproj", "{CFEF470C-C0D8-4F9D-8B34-76877AB2A030}"
	ProjectSection(ProjectDependencies) = postProject
		{9594522F-6B2A-4DCC-B1D4-70A90550C490} = {9594522F-6B2A-4DCC-B1D4-70A90550C490}
		{F721E433-F0D2-4F4C-BEA0-1AA2B2824CBD} = {F721E433-F0D2-4F4C-BEA0-1AA2B2824CBD}
		{14BC9A36-0173-4D60-B341-B92B6E3CA892} = {14BC9A36-0173-4D60-B341-B92B6E3CA892}
		{BB4B0B5A-86FC-418F-9E61-5990E8280BDC} = {BB4B0B5A-86FC-418F-9E61-5990E8280BDC}
		{CDAEF09B-DC58-42C8-81B8-83C3E5D8145E} = {CDAEF09B-DC58-42C8-81B8-83C3E5D8145E}
		{04DD76A5-5B4A-49DD-89A7-7D442955EDE6} = {04DD76A5-5B4A-49DD-89A7-7D442955EDE6}
		{5F7EC1B1-79D0-410B-AAA5-67AE29DD3843} = {5F7EC1B1-79D0-410B-AAA5-67AE29DD3843}
		{ED3A1BB2-BBE1-4BAF-8606-DBE012375818} = {ED3A1BB2-BBE1-4BAF-8606-DBE012375818}
		{CBB134B8-C9FE-4129-A6DD-58B94CBE1096} = {CBB134B8-C9FE-4129-A6DD-58B94CBE1096}
		{CE4F0DDF-B21D-4E85-961E-5DE4F41FFEB8} = {CE4F0DDF-B21D-4E85-961E-5DE4F41FFEB8}
	EndProjectSection
EndProject
Project("{8BC9CEB8-8B4A-11D0-8D11-00A0C91BC942}") = "NetServer", "NetServer\NetServer.vcxproj", "{E72A1CA9-ACC8-4D5A-840F-D68DA00EBE7F}"
	ProjectSection(ProjectDependencies) = postProject
		{9594522F-6B2A-4DCC-B1D4-70A90550C490} = {9594522F-6B2A-4DCC-B1D4-70A90550C490}
		{F721E433-F0D2-4F4C-BEA0-1AA2B2824CBD} = {F721E433-F0D2-4F4C-BEA0-1AA2B2824CBD}
		{14BC9A36-0173-4D60-B341-B92B6E3CA892} = {14BC9A36-0173-4D60-B341-B92B6E3CA892}
		{BB4B0B5A-86FC-418F-9E61-5990E8280BDC} = {BB4B0B5A-86FC-418F-9E61-5990E8280BDC}
		{CDAEF09B-DC58-42C8-81B8-83C3E5D8145E} = {CDAEF09B-DC58-42C8-81B8-83C3E5D8145E}
		{04DD76A5-5B4A-49DD-89A7-7D442955EDE6} = {04DD76A5-5B4A-49DD-89A7-7D442955EDE6}
		{5F7EC1B1-79D0-410B-AAA5-67AE29DD3843} = {5F7EC1B1-79D0-410B-AAA5-67AE29DD3843}
		{ED3A1BB2-BBE1-4BAF-8606-DBE012375818} = {ED3A1BB2-BBE1-4BAF-8606-DBE012375818}
		{CBB134B8-C9FE-4129-A6DD-58B94CBE1096} = {CBB134B8-C9FE-4129-A6DD-58B94CBE1096}
		{CE4F0DDF-B21D-4E85-961E-5DE4F41FFEB8} = {CE4F0DDF-B21D-4E85-961E-5DE4F41FFEB8}
	EndProjectSection
EndProject
Project("{8BC9CEB8-8B4A-11D0-8D11-00A0C91BC942}") = "Sandbox", "Sandbox\Sandbox.vcxproj", "{BB4B0B5A-86FC-418F-9E61-5990E8280BDC}"
	ProjectSection(ProjectDependencies) = postProject
		{9594522F-6B2A-4DCC-B1D4-70A90550C490} = {9594522F-6B2A-4DCC-B1D4-70A90550C490}
		{F721E433-F0D2-4F4C-BEA0-1AA2B2824CBD} = {F721E433-F0D2-4F4C-BEA0-1AA2B2824CBD}
		{14BC9A36-0173-4D60-B341-B92B6E3CA892} = {14BC9A36-0173-4D60-B341-B92B6E3CA892}
		{CDAEF09B-DC58-42C8-81B8-83C3E5D8145E} = {CDAEF09B-DC58-42C8-81B8-83C3E5D8145E}
		{04DD76A5-5B4A-49DD-89A7-7D442955EDE6} = {04DD76A5-5B4A-49DD-89A7-7D442955EDE6}
		{5F7EC1B1-79D0-410B-AAA5-67AE29DD3843} = {5F7EC1B1-79D0-410B-AAA5-67AE29DD3843}
		{ED3A1BB2-BBE1-4BAF-8606-DBE012375818} = {ED3A1BB2-BBE1-4BAF-8606-DBE012375818}
		{CBB134B8-C9FE-4129-A6DD-58B94CBE1096} = {CBB134B8-C9FE-4129-A6DD-58B94CBE1096}
		{CE4F0DDF-B21D-4E85-961E-5DE4F41FFEB8} = {CE4F0DDF-B21D-4E85-961E-5DE4F41FFEB8}
	EndProjectSection
EndProject
Project("{8BC9CEB8-8B4A-11D0-8D11-00A0C91BC942}") = "CoreShare", "..\SpehsEngine\SpehsEngine\Core\CoreShare.vcxitems", "{45D41ACC-2C3C-43D2-BC10-02AA73FFC7C7}"
EndProject
Project("{8BC9CEB8-8B4A-11D0-8D11-00A0C91BC942}") = "Debug", "..\SpehsEngine\SpehsEngine\Debug\Debug.vcxproj", "{04DD76A5-5B4A-49DD-89A7-7D442955EDE6}"
EndProject
Project("{8BC9CEB8-8B4A-11D0-8D11-00A0C91BC942}") = "Main", "Main\Main.vcxproj", "{E0772280-657B-4A03-B25A-07F089A1F8DB}"
	ProjectSection(ProjectDependencies) = postProject
		{9594522F-6B2A-4DCC-B1D4-70A90550C490} = {9594522F-6B2A-4DCC-B1D4-70A90550C490}
		{F721E433-F0D2-4F4C-BEA0-1AA2B2824CBD} = {F721E433-F0D2-4F4C-BEA0-1AA2B2824CBD}
		{14BC9A36-0173-4D60-B341-B92B6E3CA892} = {14BC9A36-0173-4D60-B341-B92B6E3CA892}
		{BB4B0B5A-86FC-418F-9E61-5990E8280BDC} = {BB4B0B5A-86FC-418F-9E61-5990E8280BDC}
		{CDAEF09B-DC58-42C8-81B8-83C3E5D8145E} = {CDAEF09B-DC58-42C8-81B8-83C3E5D8145E}
		{04DD76A5-5B4A-49DD-89A7-7D442955EDE6} = {04DD76A5-5B4A-49DD-89A7-7D442955EDE6}
		{5F7EC1B1-79D0-410B-AAA5-67AE29DD3843} = {5F7EC1B1-79D0-410B-AAA5-67AE29DD3843}
		{ED3A1BB2-BBE1-4BAF-8606-DBE012375818} = {ED3A1BB2-BBE1-4BAF-8606-DBE012375818}
		{CBB134B8-C9FE-4129-A6DD-58B94CBE1096} = {CBB134B8-C9FE-4129-A6DD-58B94CBE1096}
		{CE4F0DDF-B21D-4E85-961E-5DE4F41FFEB8} = {CE4F0DDF-B21D-4E85-961E-5DE4F41FFEB8}
	EndProjectSection
EndProject
Global
	GlobalSection(SharedMSBuildProjectFiles) = preSolution
		..\SpehsEngine\SpehsEngine\Core\CoreShare.vcxitems*{45d41acc-2c3c-43d2-bc10-02aa73ffc7c7}*SharedItemsImports = 9
		..\SpehsEngine\SpehsEngine\Core\CoreShare.vcxitems*{cbb134b8-c9fe-4129-a6dd-58b94cbe1096}*SharedItemsImports = 4
		..\SpehsEngine\SpehsEngine\Net\Net_Share.vcxitems*{cdaef09b-dc58-42c8-81b8-83c3e5d8145e}*SharedItemsImports = 4
	EndGlobalSection
	GlobalSection(SolutionConfigurationPlatforms) = preSolution
		Debug|x64 = Debug|x64
		Debug|x86 = Debug|x86
		Release|x64 = Release|x64
		Release|x86 = Release|x86
	EndGlobalSection
	GlobalSection(ProjectConfigurationPlatforms) = postSolution
		{CBB134B8-C9FE-4129-A6DD-58B94CBE1096}.Debug|x64.ActiveCfg = Debug|x64
		{CBB134B8-C9FE-4129-A6DD-58B94CBE1096}.Debug|x64.Build.0 = Debug|x64
		{CBB134B8-C9FE-4129-A6DD-58B94CBE1096}.Debug|x86.ActiveCfg = Debug|Win32
		{CBB134B8-C9FE-4129-A6DD-58B94CBE1096}.Debug|x86.Build.0 = Debug|Win32
		{CBB134B8-C9FE-4129-A6DD-58B94CBE1096}.Release|x64.ActiveCfg = Release|x64
		{CBB134B8-C9FE-4129-A6DD-58B94CBE1096}.Release|x64.Build.0 = Release|x64
		{CBB134B8-C9FE-4129-A6DD-58B94CBE1096}.Release|x86.ActiveCfg = Release|Win32
		{CBB134B8-C9FE-4129-A6DD-58B94CBE1096}.Release|x86.Build.0 = Release|Win32
		{F721E433-F0D2-4F4C-BEA0-1AA2B2824CBD}.Debug|x64.ActiveCfg = Debug|x64
		{F721E433-F0D2-4F4C-BEA0-1AA2B2824CBD}.Debug|x64.Build.0 = Debug|x64
		{F721E433-F0D2-4F4C-BEA0-1AA2B2824CBD}.Debug|x86.ActiveCfg = Debug|Win32
		{F721E433-F0D2-4F4C-BEA0-1AA2B2824CBD}.Debug|x86.Build.0 = Debug|Win32
		{F721E433-F0D2-4F4C-BEA0-1AA2B2824CBD}.Release|x64.ActiveCfg = Release|x64
		{F721E433-F0D2-4F4C-BEA0-1AA2B2824CBD}.Release|x64.Build.0 = Release|x64
		{F721E433-F0D2-4F4C-BEA0-1AA2B2824CBD}.Release|x86.ActiveCfg = Release|Win32
		{F721E433-F0D2-4F4C-BEA0-1AA2B2824CBD}.Release|x86.Build.0 = Release|Win32
		{5F7EC1B1-79D0-410B-AAA5-67AE29DD3843}.Debug|x64.ActiveCfg = Debug|x64
		{5F7EC1B1-79D0-410B-AAA5-67AE29DD3843}.Debug|x64.Build.0 = Debug|x64
		{5F7EC1B1-79D0-410B-AAA5-67AE29DD3843}.Debug|x86.ActiveCfg = Debug|Win32
		{5F7EC1B1-79D0-410B-AAA5-67AE29DD3843}.Debug|x86.Build.0 = Debug|Win32
		{5F7EC1B1-79D0-410B-AAA5-67AE29DD3843}.Release|x64.ActiveCfg = Release|x64
		{5F7EC1B1-79D0-410B-AAA5-67AE29DD3843}.Release|x64.Build.0 = Release|x64
		{5F7EC1B1-79D0-410B-AAA5-67AE29DD3843}.Release|x86.ActiveCfg = Release|Win32
		{5F7EC1B1-79D0-410B-AAA5-67AE29DD3843}.Release|x86.Build.0 = Release|Win32
		{CE4F0DDF-B21D-4E85-961E-5DE4F41FFEB8}.Debug|x64.ActiveCfg = Debug|x64
		{CE4F0DDF-B21D-4E85-961E-5DE4F41FFEB8}.Debug|x64.Build.0 = Debug|x64
		{CE4F0DDF-B21D-4E85-961E-5DE4F41FFEB8}.Debug|x86.ActiveCfg = Debug|Win32
		{CE4F0DDF-B21D-4E85-961E-5DE4F41FFEB8}.Debug|x86.Build.0 = Debug|Win32
		{CE4F0DDF-B21D-4E85-961E-5DE4F41FFEB8}.Release|x64.ActiveCfg = Release|x64
		{CE4F0DDF-B21D-4E85-961E-5DE4F41FFEB8}.Release|x64.Build.0 = Release|x64
		{CE4F0DDF-B21D-4E85-961E-5DE4F41FFEB8}.Release|x86.ActiveCfg = Release|Win32
		{CE4F0DDF-B21D-4E85-961E-5DE4F41FFEB8}.Release|x86.Build.0 = Release|Win32
		{9594522F-6B2A-4DCC-B1D4-70A90550C490}.Debug|x64.ActiveCfg = Debug|x64
		{9594522F-6B2A-4DCC-B1D4-70A90550C490}.Debug|x64.Build.0 = Debug|x64
		{9594522F-6B2A-4DCC-B1D4-70A90550C490}.Debug|x86.ActiveCfg = Debug|Win32
		{9594522F-6B2A-4DCC-B1D4-70A90550C490}.Debug|x86.Build.0 = Debug|Win32
		{9594522F-6B2A-4DCC-B1D4-70A90550C490}.Release|x64.ActiveCfg = Release|x64
		{9594522F-6B2A-4DCC-B1D4-70A90550C490}.Release|x64.Build.0 = Release|x64
		{9594522F-6B2A-4DCC-B1D4-70A90550C490}.Release|x86.ActiveCfg = Release|Win32
		{9594522F-6B2A-4DCC-B1D4-70A90550C490}.Release|x86.Build.0 = Release|Win32
		{CDAEF09B-DC58-42C8-81B8-83C3E5D8145E}.Debug|x64.ActiveCfg = Debug|x64
		{CDAEF09B-DC58-42C8-81B8-83C3E5D8145E}.Debug|x64.Build.0 = Debug|x64
		{CDAEF09B-DC58-42C8-81B8-83C3E5D8145E}.Debug|x86.ActiveCfg = Debug|Win32
		{CDAEF09B-DC58-42C8-81B8-83C3E5D8145E}.Debug|x86.Build.0 = Debug|Win32
		{CDAEF09B-DC58-42C8-81B8-83C3E5D8145E}.Release|x64.ActiveCfg = Release|x64
		{CDAEF09B-DC58-42C8-81B8-83C3E5D8145E}.Release|x64.Build.0 = Release|x64
		{CDAEF09B-DC58-42C8-81B8-83C3E5D8145E}.Release|x86.ActiveCfg = Release|Win32
		{CDAEF09B-DC58-42C8-81B8-83C3E5D8145E}.Release|x86.Build.0 = Release|Win32
		{ED3A1BB2-BBE1-4BAF-8606-DBE012375818}.Debug|x64.ActiveCfg = Debug|x64
		{ED3A1BB2-BBE1-4BAF-8606-DBE012375818}.Debug|x64.Build.0 = Debug|x64
		{ED3A1BB2-BBE1-4BAF-8606-DBE012375818}.Debug|x86.ActiveCfg = Debug|Win32
		{ED3A1BB2-BBE1-4BAF-8606-DBE012375818}.Debug|x86.Build.0 = Debug|Win32
		{ED3A1BB2-BBE1-4BAF-8606-DBE012375818}.Release|x64.ActiveCfg = Release|x64
		{ED3A1BB2-BBE1-4BAF-8606-DBE012375818}.Release|x64.Build.0 = Release|x64
		{ED3A1BB2-BBE1-4BAF-8606-DBE012375818}.Release|x86.ActiveCfg = Release|Win32
		{ED3A1BB2-BBE1-4BAF-8606-DBE012375818}.Release|x86.Build.0 = Release|Win32
		{14BC9A36-0173-4D60-B341-B92B6E3CA892}.Debug|x64.ActiveCfg = Debug|x64
		{14BC9A36-0173-4D60-B341-B92B6E3CA892}.Debug|x64.Build.0 = Debug|x64
		{14BC9A36-0173-4D60-B341-B92B6E3CA892}.Debug|x86.ActiveCfg = Debug|Win32
		{14BC9A36-0173-4D60-B341-B92B6E3CA892}.Debug|x86.Build.0 = Debug|Win32
		{14BC9A36-0173-4D60-B341-B92B6E3CA892}.Release|x64.ActiveCfg = Release|x64
		{14BC9A36-0173-4D60-B341-B92B6E3CA892}.Release|x64.Build.0 = Release|x64
		{14BC9A36-0173-4D60-B341-B92B6E3CA892}.Release|x86.ActiveCfg = Release|Win32
		{14BC9A36-0173-4D60-B341-B92B6E3CA892}.Release|x86.Build.0 = Release|Win32
		{CFEF470C-C0D8-4F9D-8B34-76877AB2A030}.Debug|x64.ActiveCfg = Debug|x64
		{CFEF470C-C0D8-4F9D-8B34-76877AB2A030}.Debug|x64.Build.0 = Debug|x64
		{CFEF470C-C0D8-4F9D-8B34-76877AB2A030}.Debug|x86.ActiveCfg = Debug|Win32
		{CFEF470C-C0D8-4F9D-8B34-76877AB2A030}.Debug|x86.Build.0 = Debug|Win32
		{CFEF470C-C0D8-4F9D-8B34-76877AB2A030}.Release|x64.ActiveCfg = Release|x64
		{CFEF470C-C0D8-4F9D-8B34-76877AB2A030}.Release|x64.Build.0 = Release|x64
		{CFEF470C-C0D8-4F9D-8B34-76877AB2A030}.Release|x86.ActiveCfg = Release|Win32
		{CFEF470C-C0D8-4F9D-8B34-76877AB2A030}.Release|x86.Build.0 = Release|Win32
		{E72A1CA9-ACC8-4D5A-840F-D68DA00EBE7F}.Debug|x64.ActiveCfg = Debug|x64
		{E72A1CA9-ACC8-4D5A-840F-D68DA00EBE7F}.Debug|x64.Build.0 = Debug|x64
		{E72A1CA9-ACC8-4D5A-840F-D68DA00EBE7F}.Debug|x86.ActiveCfg = Debug|Win32
		{E72A1CA9-ACC8-4D5A-840F-D68DA00EBE7F}.Debug|x86.Build.0 = Debug|Win32
		{E72A1CA9-ACC8-4D5A-840F-D68DA00EBE7F}.Release|x64.ActiveCfg = Release|x64
		{E72A1CA9-ACC8-4D5A-840F-D68DA00EBE7F}.Release|x64.Build.0 = Release|x64
		{E72A1CA9-ACC8-4D5A-840F-D68DA00EBE7F}.Release|x86.ActiveCfg = Release|Win32
		{E72A1CA9-ACC8-4D5A-840F-D68DA00EBE7F}.Release|x86.Build.0 = Release|Win32
		{BB4B0B5A-86FC-418F-9E61-5990E8280BDC}.Debug|x64.ActiveCfg = Debug|x64
		{BB4B0B5A-86FC-418F-9E61-5990E8280BDC}.Debug|x64.Build.0 = Debug|x64
		{BB4B0B5A-86FC-418F-9E61-5990E8280BDC}.Debug|x86.ActiveCfg = Debug|Win32
		{BB4B0B5A-86FC-418F-9E61-5990E8280BDC}.Debug|x86.Build.0 = Debug|Win32
		{BB4B0B5A-86FC-418F-9E61-5990E8280BDC}.Release|x64.ActiveCfg = Release|x64
		{BB4B0B5A-86FC-418F-9E61-5990E8280BDC}.Release|x64.Build.0 = Release|x64
		{BB4B0B5A-86FC-418F-9E61-5990E8280BDC}.Release|x86.ActiveCfg = Release|Win32
		{BB4B0B5A-86FC-418F-9E61-5990E8280BDC}.Release|x86.Build.0 = Release|Win32
		{04DD76A5-5B4A-49DD-89A7-7D442955EDE6}.Debug|x64.ActiveCfg = Debug|x64
		{04DD76A5-5B4A-49DD-89A7-7D442955EDE6}.Debug|x64.Build.0 = Debug|x64
		{04DD76A5-5B4A-49DD-89A7-7D442955EDE6}.Debug|x86.ActiveCfg = Debug|Win32
		{04DD76A5-5B4A-49DD-89A7-7D442955EDE6}.Debug|x86.Build.0 = Debug|Win32
		{04DD76A5-5B4A-49DD-89A7-7D442955EDE6}.Release|x64.ActiveCfg = Release|x64
		{04DD76A5-5B4A-49DD-89A7-7D442955EDE6}.Release|x64.Build.0 = Release|x64
		{04DD76A5-5B4A-49DD-89A7-7D442955EDE6}.Release|x86.ActiveCfg = Release|Win32
		{04DD76A5-5B4A-49DD-89A7-7D442955EDE6}.Release|x86.Build.0 = Release|Win32
		{E0772280-657B-4A03-B25A-07F089A1F8DB}.Debug|x64.ActiveCfg = Debug|x64
		{E0772280-657B-4A03-B25A-07F089A1F8DB}.Debug|x64.Build.0 = Debug|x64
		{E0772280-657B-4A03-B25A-07F089A1F8DB}.Debug|x86.ActiveCfg = Debug|Win32
		{E0772280-657B-4A03-B25A-07F089A1F8DB}.Debug|x86.Build.0 = Debug|Win32
		{E0772280-657B-4A03-B25A-07F089A1F8DB}.Release|x64.ActiveCfg = Release|x64
		{E0772280-657B-4A03-B25A-07F089A1F8DB}.Release|x64.Build.0 = Release|x64
		{E0772280-657B-4A03-B25A-07F089A1F8DB}.Release|x86.ActiveCfg = Release|Win32
		{E0772280-657B-4A03-B25A-07F089A1F8DB}.Release|x86.Build.0 = Release|Win32
	EndGlobalSection
	GlobalSection(SolutionProperties) = preSolution
		HideSolutionNode = FALSE
	EndGlobalSection
	GlobalSection(ExtensibilityGlobals) = postSolution
		SolutionGuid = {3F687844-A89C-4482-AFC9-0A1AE629542A}
	EndGlobalSection
EndGlobal
